
Microsoft Visual Studio Solution File, Format Version 12.00
# Visual Studio Version 17
VisualStudioVersion = 17.0.31919.166
MinimumVisualStudioVersion = 10.0.40219.1
Project("{9A19103F-16F7-4668-BE54-9A1E7A4F7556}") = "CarRentalLogicServer", "CarRentalLogicServer.csproj", "{367EE85B-9FF3-4023-A7C4-42A8BC1BA224}"
EndProject
Project("{9A19103F-16F7-4668-BE54-9A1E7A4F7556}") = "CarRentalClientServer", "..\..\BlazorClientServer\CarRentalClientServer\CarRentalClientServer.csproj", "{8AE04A0E-EF14-45A4-B30C-860EC31EEA5B}"
EndProject
Global
	GlobalSection(SolutionConfigurationPlatforms) = preSolution
		Debug|Any CPU = Debug|Any CPU
		Debug|x64 = Debug|x64
		Debug|x86 = Debug|x86
		Release|Any CPU = Release|Any CPU
		Release|x64 = Release|x64
		Release|x86 = Release|x86
	EndGlobalSection
	GlobalSection(ProjectConfigurationPlatforms) = postSolution
		{367EE85B-9FF3-4023-A7C4-42A8BC1BA224}.Debug|Any CPU.ActiveCfg = Debug|Any CPU
		{367EE85B-9FF3-4023-A7C4-42A8BC1BA224}.Debug|Any CPU.Build.0 = Debug|Any CPU
		{367EE85B-9FF3-4023-A7C4-42A8BC1BA224}.Debug|x64.ActiveCfg = Debug|Any CPU
		{367EE85B-9FF3-4023-A7C4-42A8BC1BA224}.Debug|x64.Build.0 = Debug|Any CPU
		{367EE85B-9FF3-4023-A7C4-42A8BC1BA224}.Debug|x86.ActiveCfg = Debug|Any CPU
		{367EE85B-9FF3-4023-A7C4-42A8BC1BA224}.Debug|x86.Build.0 = Debug|Any CPU
		{367EE85B-9FF3-4023-A7C4-42A8BC1BA224}.Release|Any CPU.ActiveCfg = Release|Any CPU
		{367EE85B-9FF3-4023-A7C4-42A8BC1BA224}.Release|Any CPU.Build.0 = Release|Any CPU
		{367EE85B-9FF3-4023-A7C4-42A8BC1BA224}.Release|x64.ActiveCfg = Release|Any CPU
		{367EE85B-9FF3-4023-A7C4-42A8BC1BA224}.Release|x64.Build.0 = Release|Any CPU
		{367EE85B-9FF3-4023-A7C4-42A8BC1BA224}.Release|x86.ActiveCfg = Release|Any CPU
		{367EE85B-9FF3-4023-A7C4-42A8BC1BA224}.Release|x86.Build.0 = Release|Any CPU
		{8AE04A0E-EF14-45A4-B30C-860EC31EEA5B}.Debug|Any CPU.ActiveCfg = Debug|Any CPU
		{8AE04A0E-EF14-45A4-B30C-860EC31EEA5B}.Debug|Any CPU.Build.0 = Debug|Any CPU
		{8AE04A0E-EF14-45A4-B30C-860EC31EEA5B}.Debug|x64.ActiveCfg = Debug|Any CPU
		{8AE04A0E-EF14-45A4-B30C-860EC31EEA5B}.Debug|x64.Build.0 = Debug|Any CPU
		{8AE04A0E-EF14-45A4-B30C-860EC31EEA5B}.Debug|x86.ActiveCfg = Debug|Any CPU
		{8AE04A0E-EF14-45A4-B30C-860EC31EEA5B}.Debug|x86.Build.0 = Debug|Any CPU
		{8AE04A0E-EF14-45A4-B30C-860EC31EEA5B}.Release|Any CPU.ActiveCfg = Release|Any CPU
		{8AE04A0E-EF14-45A4-B30C-860EC31EEA5B}.Release|Any CPU.Build.0 = Release|Any CPU
		{8AE04A0E-EF14-45A4-B30C-860EC31EEA5B}.Release|x64.ActiveCfg = Release|Any CPU
		{8AE04A0E-EF14-45A4-B30C-860EC31EEA5B}.Release|x64.Build.0 = Release|Any CPU
		{8AE04A0E-EF14-45A4-B30C-860EC31EEA5B}.Release|x86.ActiveCfg = Release|Any CPU
		{8AE04A0E-EF14-45A4-B30C-860EC31EEA5B}.Release|x86.Build.0 = Release|Any CPU
	EndGlobalSection
	GlobalSection(SolutionProperties) = preSolution
		HideSolutionNode = FALSE
	EndGlobalSection
	GlobalSection(ExtensibilityGlobals) = postSolution
		SolutionGuid = {4ED60BBF-CD7E-49AC-9256-B3EF297FC4E8}
	EndGlobalSection
EndGlobal
