
Microsoft Visual Studio Solution File, Format Version 12.00
# Visual Studio Version 17
VisualStudioVersion = 17.0.31825.309
MinimumVisualStudioVersion = 10.0.40219.1
Project("{9A19103F-16F7-4668-BE54-9A1E7A4F7556}") = "CarRentalClientServer", "CarRentalClientServer.csproj", "{EF687498-6B0E-4174-BBC6-7FAC2558433F}"
EndProject
Global
	GlobalSection(SolutionConfigurationPlatforms) = preSolution
		Debug|Any CPU = Debug|Any CPU
		Release|Any CPU = Release|Any CPU
	EndGlobalSection
	GlobalSection(ProjectConfigurationPlatforms) = postSolution
		{EF687498-6B0E-4174-BBC6-7FAC2558433F}.Debug|Any CPU.ActiveCfg = Debug|Any CPU
		{EF687498-6B0E-4174-BBC6-7FAC2558433F}.Debug|Any CPU.Build.0 = Debug|Any CPU
		{EF687498-6B0E-4174-BBC6-7FAC2558433F}.Release|Any CPU.ActiveCfg = Release|Any CPU
		{EF687498-6B0E-4174-BBC6-7FAC2558433F}.Release|Any CPU.Build.0 = Release|Any CPU
	EndGlobalSection
	GlobalSection(SolutionProperties) = preSolution
		HideSolutionNode = FALSE
	EndGlobalSection
	GlobalSection(ExtensibilityGlobals) = postSolution
		SolutionGuid = {31BE3F59-9C36-40C9-91F1-080D93173233}
	EndGlobalSection
EndGlobal
